
Microsoft Visual Studio Solution File, Format Version 12.00
# Visual Studio Version 17
VisualStudioVersion = 17.4.33122.133
MinimumVisualStudioVersion = 10.0.40219.1
Project("{FAE04EC0-301F-11D3-BF4B-00C04F79EFBC}") = "ConsoleApp1", "ConsoleApp1\ConsoleApp1.csproj", "{FAB432EE-F18E-4258-9FAB-2684B0838F24}"
EndProject
Global
	GlobalSection(SolutionConfigurationPlatforms) = preSolution
		Debug|Any CPU = Debug|Any CPU
		Release|Any CPU = Release|Any CPU
	EndGlobalSection
	GlobalSection(ProjectConfigurationPlatforms) = postSolution
		{FAB432EE-F18E-4258-9FAB-2684B0838F24}.Debug|Any CPU.ActiveCfg = Debug|Any CPU
		{FAB432EE-F18E-4258-9FAB-2684B0838F24}.Debug|Any CPU.Build.0 = Debug|Any CPU
		{FAB432EE-F18E-4258-9FAB-2684B0838F24}.Release|Any CPU.ActiveCfg = Release|Any CPU
		{FAB432EE-F18E-4258-9FAB-2684B0838F24}.Release|Any CPU.Build.0 = Release|Any CPU
	EndGlobalSection
	GlobalSection(SolutionProperties) = preSolution
		HideSolutionNode = FALSE
	EndGlobalSection
	GlobalSection(ExtensibilityGlobals) = postSolution
		SolutionGuid = {728162F9-90F7-48FC-BA95-063EC34E0F0F}
	EndGlobalSection
EndGlobal
